
Microsoft Visual Studio Solution File, Format Version 12.00
# Visual Studio Version 17
VisualStudioVersion = 17.0.31903.59
MinimumVisualStudioVersion = 10.0.40219.1
Project("{FAE04EC0-301F-11D3-BF4B-00C04F79EFBC}") = "CloudDentalOffice.Portal", "src\CloudDentalOffice.Portal\CloudDentalOffice.Portal.csproj", "{A1000001-0000-0000-0000-000000000001}"
EndProject
Project("{FAE04EC0-301F-11D3-BF4B-00C04F79EFBC}") = "CloudDentalOffice.Portal.Tests", "src\CloudDentalOffice.Portal.Tests\CloudDentalOffice.Portal.Tests.csproj", "{A1000001-0000-0000-0000-000000000002}"
EndProject
Project("{FAE04EC0-301F-11D3-BF4B-00C04F79EFBC}") = "CloudDentalOffice.Contracts", "src\Shared\CloudDentalOffice.Contracts\CloudDentalOffice.Contracts.csproj", "{B2000001-0000-0000-0000-000000000001}"
EndProject
Project("{FAE04EC0-301F-11D3-BF4B-00C04F79EFBC}") = "CloudDentalOffice.EdiCommon", "src\Shared\CloudDentalOffice.EdiCommon\CloudDentalOffice.EdiCommon.csproj", "{B2000001-0000-0000-0000-000000000002}"
EndProject
Project("{FAE04EC0-301F-11D3-BF4B-00C04F79EFBC}") = "CloudDentalOffice.Messaging", "src\Shared\CloudDentalOffice.Messaging\CloudDentalOffice.Messaging.csproj", "{B2000001-0000-0000-0000-000000000003}"
EndProject
Project("{FAE04EC0-301F-11D3-BF4B-00C04F79EFBC}") = "PatientService", "src\Services\PatientService\PatientService.csproj", "{C3000001-0000-0000-0000-000000000001}"
EndProject
Project("{FAE04EC0-301F-11D3-BF4B-00C04F79EFBC}") = "SchedulingService", "src\Services\SchedulingService\SchedulingService.csproj", "{C3000001-0000-0000-0000-000000000002}"
EndProject
Project("{FAE04EC0-301F-11D3-BF4B-00C04F79EFBC}") = "ClaimsService", "src\Services\ClaimsService\ClaimsService.csproj", "{C3000001-0000-0000-0000-000000000003}"
EndProject
Project("{FAE04EC0-301F-11D3-BF4B-00C04F79EFBC}") = "EligibilityService", "src\Services\EligibilityService\EligibilityService.csproj", "{C3000001-0000-0000-0000-000000000004}"
EndProject
Project("{FAE04EC0-301F-11D3-BF4B-00C04F79EFBC}") = "EraService", "src\Services\EraService\EraService.csproj", "{C3000001-0000-0000-0000-000000000005}"
EndProject
Project("{FAE04EC0-301F-11D3-BF4B-00C04F79EFBC}") = "AuthService", "src\Services\AuthService\AuthService.csproj", "{C3000001-0000-0000-0000-000000000006}"
EndProject
Project("{FAE04EC0-301F-11D3-BF4B-00C04F79EFBC}") = "ApiGateway", "src\Services\ApiGateway\ApiGateway.csproj", "{C3000001-0000-0000-0000-000000000007}"
EndProject
Project("{FAE04EC0-301F-11D3-BF4B-00C04F79EFBC}") = "PrescriptionService", "src\Services\PrescriptionService\PrescriptionService.csproj", "{C3000001-0000-0000-0000-000000000008}"
EndProject
Project("{FAE04EC0-301F-11D3-BF4B-00C04F79EFBC}") = "VisionService", "src\Services\VisionService\VisionService.csproj", "{C3000001-0000-0000-0000-000000000009}"
EndProject
Project("{FAE04EC0-301F-11D3-BF4B-00C04F79EFBC}") = "IntakeService", "src\Services\IntakeService\IntakeService.csproj", "{C3000001-0000-0000-0000-000000000010}"
EndProject
Project("{2150E333-8FDC-42A3-9474-1A3956D46DE8}") = "Services", "Services", "{D0000001-0000-0000-0000-000000000001}"
EndProject
Project("{2150E333-8FDC-42A3-9474-1A3956D46DE8}") = "Shared", "Shared", "{D0000001-0000-0000-0000-000000000002}"
EndProject
Project("{2150E333-8FDC-42A3-9474-1A3956D46DE8}") = "Portal", "Portal", "{D0000001-0000-0000-0000-000000000003}"
EndProject
Project("{2150E333-8FDC-42A3-9474-1A3956D46DE8}") = "src", "src", "{816BEE78-85C0-482F-96E8-62432A241CEA}"
EndProject
Project("{2150E333-8FDC-42A3-9474-1A3956D46DE8}") = "Services", "Services", "{E78EB01C-C6B2-46A0-AF9A-F4CAD889DC53}"
EndProject
Project("{FAE04EC0-301F-11D3-BF4B-00C04F79EFBC}") = "SchedulingService.Tests", "src\Services\SchedulingService.Tests\SchedulingService.Tests.csproj", "{00BB2BB5-F9F5-4B7E-885B-9B1225254C7C}"
EndProject
Project("{FAE04EC0-301F-11D3-BF4B-00C04F79EFBC}") = "IntakeService.Tests", "src\Services\IntakeService.Tests\IntakeService.Tests.csproj", "{9DDA92CA-6E75-4050-B3A4-4A7EDC52AB49}"
EndProject
Project("{FAE04EC0-301F-11D3-BF4B-00C04F79EFBC}") = "AuthService.Tests", "src\Services\AuthService.Tests\AuthService.Tests.csproj", "{D9A751D6-C55A-4614-928F-1E725FE92B02}"
EndProject
Global
	GlobalSection(SolutionConfigurationPlatforms) = preSolution
		Debug|Any CPU = Debug|Any CPU
		Release|Any CPU = Release|Any CPU
	EndGlobalSection
	GlobalSection(ProjectConfigurationPlatforms) = postSolution
		{A1000001-0000-0000-0000-000000000001}.Debug|Any CPU.ActiveCfg = Debug|Any CPU
		{A1000001-0000-0000-0000-000000000001}.Debug|Any CPU.Build.0 = Debug|Any CPU
		{A1000001-0000-0000-0000-000000000001}.Release|Any CPU.ActiveCfg = Release|Any CPU
		{A1000001-0000-0000-0000-000000000001}.Release|Any CPU.Build.0 = Release|Any CPU
		{A1000001-0000-0000-0000-000000000002}.Debug|Any CPU.ActiveCfg = Debug|Any CPU
		{A1000001-0000-0000-0000-000000000002}.Debug|Any CPU.Build.0 = Debug|Any CPU
		{A1000001-0000-0000-0000-000000000002}.Release|Any CPU.ActiveCfg = Release|Any CPU
		{A1000001-0000-0000-0000-000000000002}.Release|Any CPU.Build.0 = Release|Any CPU
		{B2000001-0000-0000-0000-000000000001}.Debug|Any CPU.ActiveCfg = Debug|Any CPU
		{B2000001-0000-0000-0000-000000000001}.Debug|Any CPU.Build.0 = Debug|Any CPU
		{B2000001-0000-0000-0000-000000000001}.Release|Any CPU.ActiveCfg = Release|Any CPU
		{B2000001-0000-0000-0000-000000000001}.Release|Any CPU.Build.0 = Release|Any CPU
		{B2000001-0000-0000-0000-000000000002}.Debug|Any CPU.ActiveCfg = Debug|Any CPU
		{B2000001-0000-0000-0000-000000000002}.Debug|Any CPU.Build.0 = Debug|Any CPU
		{B2000001-0000-0000-0000-000000000002}.Release|Any CPU.ActiveCfg = Release|Any CPU
		{B2000001-0000-0000-0000-000000000002}.Release|Any CPU.Build.0 = Release|Any CPU
		{B2000001-0000-0000-0000-000000000003}.Debug|Any CPU.ActiveCfg = Debug|Any CPU
		{B2000001-0000-0000-0000-000000000003}.Debug|Any CPU.Build.0 = Debug|Any CPU
		{B2000001-0000-0000-0000-000000000003}.Release|Any CPU.ActiveCfg = Release|Any CPU
		{B2000001-0000-0000-0000-000000000003}.Release|Any CPU.Build.0 = Release|Any CPU
		{C3000001-0000-0000-0000-000000000001}.Debug|Any CPU.ActiveCfg = Debug|Any CPU
		{C3000001-0000-0000-0000-000000000001}.Debug|Any CPU.Build.0 = Debug|Any CPU
		{C3000001-0000-0000-0000-000000000001}.Release|Any CPU.ActiveCfg = Release|Any CPU
		{C3000001-0000-0000-0000-000000000001}.Release|Any CPU.Build.0 = Release|Any CPU
		{C3000001-0000-0000-0000-000000000002}.Debug|Any CPU.ActiveCfg = Debug|Any CPU
		{C3000001-0000-0000-0000-000000000002}.Debug|Any CPU.Build.0 = Debug|Any CPU
		{C3000001-0000-0000-0000-000000000002}.Release|Any CPU.ActiveCfg = Release|Any CPU
		{C3000001-0000-0000-0000-000000000002}.Release|Any CPU.Build.0 = Release|Any CPU
		{C3000001-0000-0000-0000-000000000003}.Debug|Any CPU.ActiveCfg = Debug|Any CPU
		{C3000001-0000-0000-0000-000000000003}.Debug|Any CPU.Build.0 = Debug|Any CPU
		{C3000001-0000-0000-0000-000000000003}.Release|Any CPU.ActiveCfg = Release|Any CPU
		{C3000001-0000-0000-0000-000000000003}.Release|Any CPU.Build.0 = Release|Any CPU
		{C3000001-0000-0000-0000-000000000004}.Debug|Any CPU.ActiveCfg = Debug|Any CPU
		{C3000001-0000-0000-0000-000000000004}.Debug|Any CPU.Build.0 = Debug|Any CPU
		{C3000001-0000-0000-0000-000000000004}.Release|Any CPU.ActiveCfg = Release|Any CPU
		{C3000001-0000-0000-0000-000000000004}.Release|Any CPU.Build.0 = Release|Any CPU
		{C3000001-0000-0000-0000-000000000005}.Debug|Any CPU.ActiveCfg = Debug|Any CPU
		{C3000001-0000-0000-0000-000000000005}.Debug|Any CPU.Build.0 = Debug|Any CPU
		{C3000001-0000-0000-0000-000000000005}.Release|Any CPU.ActiveCfg = Release|Any CPU
		{C3000001-0000-0000-0000-000000000005}.Release|Any CPU.Build.0 = Release|Any CPU
		{C3000001-0000-0000-0000-000000000006}.Debug|Any CPU.ActiveCfg = Debug|Any CPU
		{C3000001-0000-0000-0000-000000000006}.Debug|Any CPU.Build.0 = Debug|Any CPU
		{C3000001-0000-0000-0000-000000000006}.Release|Any CPU.ActiveCfg = Release|Any CPU
		{C3000001-0000-0000-0000-000000000006}.Release|Any CPU.Build.0 = Release|Any CPU
		{C3000001-0000-0000-0000-000000000007}.Debug|Any CPU.ActiveCfg = Debug|Any CPU
		{C3000001-0000-0000-0000-000000000007}.Debug|Any CPU.Build.0 = Debug|Any CPU
		{C3000001-0000-0000-0000-000000000007}.Release|Any CPU.ActiveCfg = Release|Any CPU
		{C3000001-0000-0000-0000-000000000007}.Release|Any CPU.Build.0 = Release|Any CPU
		{C3000001-0000-0000-0000-000000000008}.Debug|Any CPU.ActiveCfg = Debug|Any CPU
		{C3000001-0000-0000-0000-000000000008}.Debug|Any CPU.Build.0 = Debug|Any CPU
		{C3000001-0000-0000-0000-000000000008}.Release|Any CPU.ActiveCfg = Release|Any CPU
		{C3000001-0000-0000-0000-000000000008}.Release|Any CPU.Build.0 = Release|Any CPU
		{C3000001-0000-0000-0000-000000000009}.Debug|Any CPU.ActiveCfg = Debug|Any CPU
		{C3000001-0000-0000-0000-000000000009}.Debug|Any CPU.Build.0 = Debug|Any CPU
		{C3000001-0000-0000-0000-000000000009}.Release|Any CPU.ActiveCfg = Release|Any CPU
		{C3000001-0000-0000-0000-000000000009}.Release|Any CPU.Build.0 = Release|Any CPU
		{C3000001-0000-0000-0000-000000000010}.Debug|Any CPU.ActiveCfg = Debug|Any CPU
		{C3000001-0000-0000-0000-000000000010}.Debug|Any CPU.Build.0 = Debug|Any CPU
		{C3000001-0000-0000-0000-000000000010}.Release|Any CPU.ActiveCfg = Release|Any CPU
		{C3000001-0000-0000-0000-000000000010}.Release|Any CPU.Build.0 = Release|Any CPU
		{00BB2BB5-F9F5-4B7E-885B-9B1225254C7C}.Debug|Any CPU.ActiveCfg = Debug|Any CPU
		{00BB2BB5-F9F5-4B7E-885B-9B1225254C7C}.Debug|Any CPU.Build.0 = Debug|Any CPU
		{00BB2BB5-F9F5-4B7E-885B-9B1225254C7C}.Release|Any CPU.ActiveCfg = Release|Any CPU
		{00BB2BB5-F9F5-4B7E-885B-9B1225254C7C}.Release|Any CPU.Build.0 = Release|Any CPU
		{9DDA92CA-6E75-4050-B3A4-4A7EDC52AB49}.Debug|Any CPU.ActiveCfg = Debug|Any CPU
		{9DDA92CA-6E75-4050-B3A4-4A7EDC52AB49}.Debug|Any CPU.Build.0 = Debug|Any CPU
		{9DDA92CA-6E75-4050-B3A4-4A7EDC52AB49}.Release|Any CPU.ActiveCfg = Release|Any CPU
		{9DDA92CA-6E75-4050-B3A4-4A7EDC52AB49}.Release|Any CPU.Build.0 = Release|Any CPU
		{D9A751D6-C55A-4614-928F-1E725FE92B02}.Debug|Any CPU.ActiveCfg = Debug|Any CPU
		{D9A751D6-C55A-4614-928F-1E725FE92B02}.Debug|Any CPU.Build.0 = Debug|Any CPU
		{D9A751D6-C55A-4614-928F-1E725FE92B02}.Release|Any CPU.ActiveCfg = Release|Any CPU
		{D9A751D6-C55A-4614-928F-1E725FE92B02}.Release|Any CPU.Build.0 = Release|Any CPU
	EndGlobalSection
	GlobalSection(NestedProjects) = preSolution
		{A1000001-0000-0000-0000-000000000001} = {D0000001-0000-0000-0000-000000000003}
		{A1000001-0000-0000-0000-000000000002} = {D0000001-0000-0000-0000-000000000003}
		{B2000001-0000-0000-0000-000000000001} = {D0000001-0000-0000-0000-000000000002}
		{B2000001-0000-0000-0000-000000000002} = {D0000001-0000-0000-0000-000000000002}
		{B2000001-0000-0000-0000-000000000003} = {D0000001-0000-0000-0000-000000000002}
		{C3000001-0000-0000-0000-000000000001} = {D0000001-0000-0000-0000-000000000001}
		{C3000001-0000-0000-0000-000000000002} = {D0000001-0000-0000-0000-000000000001}
		{C3000001-0000-0000-0000-000000000003} = {D0000001-0000-0000-0000-000000000001}
		{C3000001-0000-0000-0000-000000000004} = {D0000001-0000-0000-0000-000000000001}
		{C3000001-0000-0000-0000-000000000005} = {D0000001-0000-0000-0000-000000000001}
		{C3000001-0000-0000-0000-000000000006} = {D0000001-0000-0000-0000-000000000001}
		{C3000001-0000-0000-0000-000000000007} = {D0000001-0000-0000-0000-000000000001}
		{C3000001-0000-0000-0000-000000000008} = {D0000001-0000-0000-0000-000000000001}
		{C3000001-0000-0000-0000-000000000009} = {D0000001-0000-0000-0000-000000000001}
		{C3000001-0000-0000-0000-000000000010} = {D0000001-0000-0000-0000-000000000001}
		{E78EB01C-C6B2-46A0-AF9A-F4CAD889DC53} = {816BEE78-85C0-482F-96E8-62432A241CEA}
		{00BB2BB5-F9F5-4B7E-885B-9B1225254C7C} = {E78EB01C-C6B2-46A0-AF9A-F4CAD889DC53}
		{9DDA92CA-6E75-4050-B3A4-4A7EDC52AB49} = {E78EB01C-C6B2-46A0-AF9A-F4CAD889DC53}
		{D9A751D6-C55A-4614-928F-1E725FE92B02} = {E78EB01C-C6B2-46A0-AF9A-F4CAD889DC53}
	EndGlobalSection
EndGlobal
